
Microsoft Visual Studio Solution File, Format Version 12.00
# Visual Studio Version 16
VisualStudioVersion = 16.0.31729.503
MinimumVisualStudioVersion = 10.0.40219.1
Project("{9A19103F-16F7-4668-BE54-9A1E7A4F7556}") = "TryCSharp", "TryCSharp\TryCSharp.csproj", "{CAAB5F0F-F4EC-4804-861C-8C81F22D9AA9}"
EndProject
Project("{9A19103F-16F7-4668-BE54-9A1E7A4F7556}") = "Lesson1", "Lesson1\Lesson1.csproj", "{EF4AFD8A-41B3-45E1-9F51-DDEB0757C694}"
EndProject
Project("{FAE04EC0-301F-11D3-BF4B-00C04F79EFBC}") = "Lesson6", "Lesson6\Lesson6.csproj", "{2C016CF7-905B-44B2-865D-A6CDE2D3D4A3}"
EndProject
Global
	GlobalSection(SolutionConfigurationPlatforms) = preSolution
		Debug|Any CPU = Debug|Any CPU
		Release|Any CPU = Release|Any CPU
	EndGlobalSection
	GlobalSection(ProjectConfigurationPlatforms) = postSolution
		{CAAB5F0F-F4EC-4804-861C-8C81F22D9AA9}.Debug|Any CPU.ActiveCfg = Debug|Any CPU
		{CAAB5F0F-F4EC-4804-861C-8C81F22D9AA9}.Debug|Any CPU.Build.0 = Debug|Any CPU
		{CAAB5F0F-F4EC-4804-861C-8C81F22D9AA9}.Release|Any CPU.ActiveCfg = Release|Any CPU
		{CAAB5F0F-F4EC-4804-861C-8C81F22D9AA9}.Release|Any CPU.Build.0 = Release|Any CPU
		{EF4AFD8A-41B3-45E1-9F51-DDEB0757C694}.Debug|Any CPU.ActiveCfg = Debug|Any CPU
		{EF4AFD8A-41B3-45E1-9F51-DDEB0757C694}.Debug|Any CPU.Build.0 = Debug|Any CPU
		{EF4AFD8A-41B3-45E1-9F51-DDEB0757C694}.Release|Any CPU.ActiveCfg = Release|Any CPU
		{EF4AFD8A-41B3-45E1-9F51-DDEB0757C694}.Release|Any CPU.Build.0 = Release|Any CPU
		{2C016CF7-905B-44B2-865D-A6CDE2D3D4A3}.Debug|Any CPU.ActiveCfg = Debug|Any CPU
		{2C016CF7-905B-44B2-865D-A6CDE2D3D4A3}.Debug|Any CPU.Build.0 = Debug|Any CPU
		{2C016CF7-905B-44B2-865D-A6CDE2D3D4A3}.Release|Any CPU.ActiveCfg = Release|Any CPU
		{2C016CF7-905B-44B2-865D-A6CDE2D3D4A3}.Release|Any CPU.Build.0 = Release|Any CPU
	EndGlobalSection
	GlobalSection(SolutionProperties) = preSolution
		HideSolutionNode = FALSE
	EndGlobalSection
	GlobalSection(ExtensibilityGlobals) = postSolution
		SolutionGuid = {13E842C4-A7E3-4EF7-9505-B272BEDE16A0}
	EndGlobalSection
EndGlobal
